
Microsoft Visual Studio Solution File, Format Version 12.00
# Visual Studio Version 17
VisualStudioVersion = 17.4.33403.182
MinimumVisualStudioVersion = 10.0.40219.1
Project("{FAE04EC0-301F-11D3-BF4B-00C04F79EFBC}") = "SmartFinancesBlazorUI", "SmartFinancesBlazorUI\SmartFinancesBlazorUI.csproj", "{0BB0B86D-408F-4EB3-AA4A-B4F4B92B6496}"
EndProject
Project("{FAE04EC0-301F-11D3-BF4B-00C04F79EFBC}") = "SmartFinances.Core", "SmartFinances.Core\SmartFinances.Core.csproj", "{73C2FA52-C1EB-458A-B03F-2E5E0CCE9F7D}"
EndProject
Project("{FAE04EC0-301F-11D3-BF4B-00C04F79EFBC}") = "SmartFinances.Infrastructure", "SmartFinances.Infrastructure\SmartFinances.Infrastructure.csproj", "{97D56D38-91CC-4AF1-BE9F-E77599E67D10}"
EndProject
Project("{FAE04EC0-301F-11D3-BF4B-00C04F79EFBC}") = "SmartFinances.Application", "SmartFinances.Application\SmartFinances.Application.csproj", "{03699794-6B60-4D20-8B48-0FC783C758A0}"
EndProject
Project("{FAE04EC0-301F-11D3-BF4B-00C04F79EFBC}") = "SmartFinances.API", "SmartFinances.API\SmartFinances.API.csproj", "{369ACC55-A390-4124-8E69-252E243B7291}"
EndProject
Global
	GlobalSection(SolutionConfigurationPlatforms) = preSolution
		Debug|Any CPU = Debug|Any CPU
		Release|Any CPU = Release|Any CPU
	EndGlobalSection
	GlobalSection(ProjectConfigurationPlatforms) = postSolution
		{0BB0B86D-408F-4EB3-AA4A-B4F4B92B6496}.Debug|Any CPU.ActiveCfg = Debug|Any CPU
		{0BB0B86D-408F-4EB3-AA4A-B4F4B92B6496}.Debug|Any CPU.Build.0 = Debug|Any CPU
		{0BB0B86D-408F-4EB3-AA4A-B4F4B92B6496}.Release|Any CPU.ActiveCfg = Release|Any CPU
		{0BB0B86D-408F-4EB3-AA4A-B4F4B92B6496}.Release|Any CPU.Build.0 = Release|Any CPU
		{73C2FA52-C1EB-458A-B03F-2E5E0CCE9F7D}.Debug|Any CPU.ActiveCfg = Debug|Any CPU
		{73C2FA52-C1EB-458A-B03F-2E5E0CCE9F7D}.Debug|Any CPU.Build.0 = Debug|Any CPU
		{73C2FA52-C1EB-458A-B03F-2E5E0CCE9F7D}.Release|Any CPU.ActiveCfg = Release|Any CPU
		{73C2FA52-C1EB-458A-B03F-2E5E0CCE9F7D}.Release|Any CPU.Build.0 = Release|Any CPU
		{97D56D38-91CC-4AF1-BE9F-E77599E67D10}.Debug|Any CPU.ActiveCfg = Debug|Any CPU
		{97D56D38-91CC-4AF1-BE9F-E77599E67D10}.Debug|Any CPU.Build.0 = Debug|Any CPU
		{97D56D38-91CC-4AF1-BE9F-E77599E67D10}.Release|Any CPU.ActiveCfg = Release|Any CPU
		{97D56D38-91CC-4AF1-BE9F-E77599E67D10}.Release|Any CPU.Build.0 = Release|Any CPU
		{03699794-6B60-4D20-8B48-0FC783C758A0}.Debug|Any CPU.ActiveCfg = Debug|Any CPU
		{03699794-6B60-4D20-8B48-0FC783C758A0}.Debug|Any CPU.Build.0 = Debug|Any CPU
		{03699794-6B60-4D20-8B48-0FC783C758A0}.Release|Any CPU.ActiveCfg = Release|Any CPU
		{03699794-6B60-4D20-8B48-0FC783C758A0}.Release|Any CPU.Build.0 = Release|Any CPU
		{369ACC55-A390-4124-8E69-252E243B7291}.Debug|Any CPU.ActiveCfg = Debug|Any CPU
		{369ACC55-A390-4124-8E69-252E243B7291}.Debug|Any CPU.Build.0 = Debug|Any CPU
		{369ACC55-A390-4124-8E69-252E243B7291}.Release|Any CPU.ActiveCfg = Release|Any CPU
		{369ACC55-A390-4124-8E69-252E243B7291}.Release|Any CPU.Build.0 = Release|Any CPU
	EndGlobalSection
	GlobalSection(SolutionProperties) = preSolution
		HideSolutionNode = FALSE
	EndGlobalSection
	GlobalSection(ExtensibilityGlobals) = postSolution
		SolutionGuid = {E2A03A2F-AEC0-48A4-A830-17B69A9ACDA8}
	EndGlobalSection
EndGlobal
